
Microsoft Visual Studio Solution File, Format Version 12.00
# Visual Studio Version 17
VisualStudioVersion = 17.13.35931.197 d17.13
MinimumVisualStudioVersion = 10.0.40219.1
Project("{FAE04EC0-301F-11D3-BF4B-00C04F79EFBC}") = "CursValut", "CursValut\CursValut.csproj", "{CEA415FF-E24F-4B18-A3D7-A75239C6E3F8}"
EndProject
Global
	GlobalSection(SolutionConfigurationPlatforms) = preSolution
		Debug|Any CPU = Debug|Any CPU
		Release|Any CPU = Release|Any CPU
	EndGlobalSection
	GlobalSection(ProjectConfigurationPlatforms) = postSolution
		{CEA415FF-E24F-4B18-A3D7-A75239C6E3F8}.Debug|Any CPU.ActiveCfg = Debug|Any CPU
		{CEA415FF-E24F-4B18-A3D7-A75239C6E3F8}.Debug|Any CPU.Build.0 = Debug|Any CPU
		{CEA415FF-E24F-4B18-A3D7-A75239C6E3F8}.Release|Any CPU.ActiveCfg = Release|Any CPU
		{CEA415FF-E24F-4B18-A3D7-A75239C6E3F8}.Release|Any CPU.Build.0 = Release|Any CPU
	EndGlobalSection
	GlobalSection(SolutionProperties) = preSolution
		HideSolutionNode = FALSE
	EndGlobalSection
	GlobalSection(ExtensibilityGlobals) = postSolution
		SolutionGuid = {200FCE11-3153-48AA-A8AC-E3D44D64ED1B}
	EndGlobalSection
EndGlobal
